
Microsoft Visual Studio Solution File, Format Version 12.00
# Visual Studio Version 17
VisualStudioVersion = 17.4.33205.214
MinimumVisualStudioVersion = 10.0.40219.1
Project("{FAE04EC0-301F-11D3-BF4B-00C04F79EFBC}") = "Dot Plotter", "Dot Plotter.csproj", "{015E8FCE-98D1-4DFF-9ADC-7BB95DCF503C}"
EndProject
Global
	GlobalSection(SolutionConfigurationPlatforms) = preSolution
		Debug|Any CPU = Debug|Any CPU
		Release|Any CPU = Release|Any CPU
	EndGlobalSection
	GlobalSection(ProjectConfigurationPlatforms) = postSolution
		{015E8FCE-98D1-4DFF-9ADC-7BB95DCF503C}.Debug|Any CPU.ActiveCfg = Debug|Any CPU
		{015E8FCE-98D1-4DFF-9ADC-7BB95DCF503C}.Debug|Any CPU.Build.0 = Debug|Any CPU
		{015E8FCE-98D1-4DFF-9ADC-7BB95DCF503C}.Release|Any CPU.ActiveCfg = Release|Any CPU
		{015E8FCE-98D1-4DFF-9ADC-7BB95DCF503C}.Release|Any CPU.Build.0 = Release|Any CPU
	EndGlobalSection
	GlobalSection(SolutionProperties) = preSolution
		HideSolutionNode = FALSE
	EndGlobalSection
	GlobalSection(ExtensibilityGlobals) = postSolution
		SolutionGuid = {840FEB03-3475-475F-A419-A4422B1F4566}
	EndGlobalSection
EndGlobal
